
Microsoft Visual Studio Solution File, Format Version 12.00
# Visual Studio Version 17
VisualStudioVersion = 17.0.31903.59
MinimumVisualStudioVersion = 10.0.40219.1
Project("{FAE04EC0-301F-11D3-BF4B-00C04F79EFBC}") = "CleanApp.Application", "src\CleanApp.Application\CleanApp.Application.csproj", "{45642CE3-AEC1-463A-A0F6-93203EA7DA77}"
EndProject
Project("{FAE04EC0-301F-11D3-BF4B-00C04F79EFBC}") = "CleanApp.Infrastructure", "src\CleanApp.Infrastructure\CleanApp.Infrastructure.csproj", "{7C994A7E-9372-408D-9CF9-5C1421765A0D}"
EndProject
Project("{FAE04EC0-301F-11D3-BF4B-00C04F79EFBC}") = "CleanApp.Domain", "src\CleanApp.Domain\CleanApp.Domain.csproj", "{4CB67E82-5405-4522-B218-C95B6B0D2E93}"
EndProject
Project("{FAE04EC0-301F-11D3-BF4B-00C04F79EFBC}") = "CleanApp.Api", "src\CleanApp.Api\CleanApp.Api.csproj", "{B1143F2D-DD70-41E8-A434-4DB03D2FC46D}"
EndProject
Project("{FAE04EC0-301F-11D3-BF4B-00C04F79EFBC}") = "CleanApp.Api.UnitTests", "tests\CleanApp.Api.UnitTests\CleanApp.Api.UnitTests.csproj", "{48752F2E-3D8C-49B1-8A6C-172BB54C11F5}"
EndProject
Project("{FAE04EC0-301F-11D3-BF4B-00C04F79EFBC}") = "CleanApp.Application.UnitTests", "tests\CleanApp.Application.UnitTests\CleanApp.Application.UnitTests.csproj", "{40AFA71A-82C9-4F2D-BEF7-38C0DA0C4646}"
EndProject
Project("{2150E333-8FDC-42A3-9474-1A3956D46DE8}") = "src", "src", "{B1144AD4-9208-45C7-98F6-11EEAE7B06EA}"
EndProject
Project("{2150E333-8FDC-42A3-9474-1A3956D46DE8}") = "tests", "tests", "{476F52F8-E7E5-4B36-9C29-FC8F64313982}"
EndProject
Project("{FAE04EC0-301F-11D3-BF4B-00C04F79EFBC}") = "CleanApp.Infrastructure.UnitTests", "tests\CleanApp.Infrastructure.UnitTests\CleanApp.Infrastructure.UnitTests.csproj", "{62995D58-F326-4943-AB04-38B6B899ED30}"
EndProject
Project("{FAE04EC0-301F-11D3-BF4B-00C04F79EFBC}") = "CleanApp.Api.IntegrationTests", "tests\CleanApp.Api.IntegrationTests\CleanApp.Api.IntegrationTests.csproj", "{82053688-02DD-4FFE-A044-1E947A9B2F55}"
EndProject
Global
	GlobalSection(SolutionConfigurationPlatforms) = preSolution
		Debug|Any CPU = Debug|Any CPU
		Release|Any CPU = Release|Any CPU
	EndGlobalSection
	GlobalSection(SolutionProperties) = preSolution
		HideSolutionNode = FALSE
	EndGlobalSection
	GlobalSection(ProjectConfigurationPlatforms) = postSolution
		{45642CE3-AEC1-463A-A0F6-93203EA7DA77}.Debug|Any CPU.ActiveCfg = Debug|Any CPU
		{45642CE3-AEC1-463A-A0F6-93203EA7DA77}.Debug|Any CPU.Build.0 = Debug|Any CPU
		{45642CE3-AEC1-463A-A0F6-93203EA7DA77}.Release|Any CPU.ActiveCfg = Release|Any CPU
		{45642CE3-AEC1-463A-A0F6-93203EA7DA77}.Release|Any CPU.Build.0 = Release|Any CPU
		{7C994A7E-9372-408D-9CF9-5C1421765A0D}.Debug|Any CPU.ActiveCfg = Debug|Any CPU
		{7C994A7E-9372-408D-9CF9-5C1421765A0D}.Debug|Any CPU.Build.0 = Debug|Any CPU
		{7C994A7E-9372-408D-9CF9-5C1421765A0D}.Release|Any CPU.ActiveCfg = Release|Any CPU
		{7C994A7E-9372-408D-9CF9-5C1421765A0D}.Release|Any CPU.Build.0 = Release|Any CPU
		{4CB67E82-5405-4522-B218-C95B6B0D2E93}.Debug|Any CPU.ActiveCfg = Debug|Any CPU
		{4CB67E82-5405-4522-B218-C95B6B0D2E93}.Debug|Any CPU.Build.0 = Debug|Any CPU
		{4CB67E82-5405-4522-B218-C95B6B0D2E93}.Release|Any CPU.ActiveCfg = Release|Any CPU
		{4CB67E82-5405-4522-B218-C95B6B0D2E93}.Release|Any CPU.Build.0 = Release|Any CPU
		{B1143F2D-DD70-41E8-A434-4DB03D2FC46D}.Debug|Any CPU.ActiveCfg = Debug|Any CPU
		{B1143F2D-DD70-41E8-A434-4DB03D2FC46D}.Debug|Any CPU.Build.0 = Debug|Any CPU
		{B1143F2D-DD70-41E8-A434-4DB03D2FC46D}.Release|Any CPU.ActiveCfg = Release|Any CPU
		{B1143F2D-DD70-41E8-A434-4DB03D2FC46D}.Release|Any CPU.Build.0 = Release|Any CPU
		{48752F2E-3D8C-49B1-8A6C-172BB54C11F5}.Debug|Any CPU.ActiveCfg = Debug|Any CPU
		{48752F2E-3D8C-49B1-8A6C-172BB54C11F5}.Debug|Any CPU.Build.0 = Debug|Any CPU
		{48752F2E-3D8C-49B1-8A6C-172BB54C11F5}.Release|Any CPU.ActiveCfg = Release|Any CPU
		{48752F2E-3D8C-49B1-8A6C-172BB54C11F5}.Release|Any CPU.Build.0 = Release|Any CPU
		{40AFA71A-82C9-4F2D-BEF7-38C0DA0C4646}.Debug|Any CPU.ActiveCfg = Debug|Any CPU
		{40AFA71A-82C9-4F2D-BEF7-38C0DA0C4646}.Debug|Any CPU.Build.0 = Debug|Any CPU
		{40AFA71A-82C9-4F2D-BEF7-38C0DA0C4646}.Release|Any CPU.ActiveCfg = Release|Any CPU
		{40AFA71A-82C9-4F2D-BEF7-38C0DA0C4646}.Release|Any CPU.Build.0 = Release|Any CPU
		{62995D58-F326-4943-AB04-38B6B899ED30}.Debug|Any CPU.ActiveCfg = Debug|Any CPU
		{62995D58-F326-4943-AB04-38B6B899ED30}.Debug|Any CPU.Build.0 = Debug|Any CPU
		{62995D58-F326-4943-AB04-38B6B899ED30}.Release|Any CPU.ActiveCfg = Release|Any CPU
		{62995D58-F326-4943-AB04-38B6B899ED30}.Release|Any CPU.Build.0 = Release|Any CPU
		{82053688-02DD-4FFE-A044-1E947A9B2F55}.Debug|Any CPU.ActiveCfg = Debug|Any CPU
		{82053688-02DD-4FFE-A044-1E947A9B2F55}.Debug|Any CPU.Build.0 = Debug|Any CPU
		{82053688-02DD-4FFE-A044-1E947A9B2F55}.Release|Any CPU.ActiveCfg = Release|Any CPU
		{82053688-02DD-4FFE-A044-1E947A9B2F55}.Release|Any CPU.Build.0 = Release|Any CPU
	EndGlobalSection
	GlobalSection(NestedProjects) = preSolution
		{B1143F2D-DD70-41E8-A434-4DB03D2FC46D} = {B1144AD4-9208-45C7-98F6-11EEAE7B06EA}
		{48752F2E-3D8C-49B1-8A6C-172BB54C11F5} = {476F52F8-E7E5-4B36-9C29-FC8F64313982}
		{45642CE3-AEC1-463A-A0F6-93203EA7DA77} = {B1144AD4-9208-45C7-98F6-11EEAE7B06EA}
		{4CB67E82-5405-4522-B218-C95B6B0D2E93} = {B1144AD4-9208-45C7-98F6-11EEAE7B06EA}
		{7C994A7E-9372-408D-9CF9-5C1421765A0D} = {B1144AD4-9208-45C7-98F6-11EEAE7B06EA}
		{40AFA71A-82C9-4F2D-BEF7-38C0DA0C4646} = {476F52F8-E7E5-4B36-9C29-FC8F64313982}
		{62995D58-F326-4943-AB04-38B6B899ED30} = {476F52F8-E7E5-4B36-9C29-FC8F64313982}
		{82053688-02DD-4FFE-A044-1E947A9B2F55} = {476F52F8-E7E5-4B36-9C29-FC8F64313982}
	EndGlobalSection
EndGlobal
